
Microsoft Visual Studio Solution File, Format Version 12.00
# Visual Studio Version 17
VisualStudioVersion = 17.9.34723.18
MinimumVisualStudioVersion = 10.0.40219.1
Project("{9A19103F-16F7-4668-BE54-9A1E7A4F7556}") = "XTreeFour", "XTreeFour\XTreeFour.csproj", "{D600D438-08D8-470C-96C4-CEE2358221C7}"
EndProject
Project("{FAE04EC0-301F-11D3-BF4B-00C04F79EFBC}") = "UnitTestOne", "UnitTestOne\UnitTestOne.csproj", "{106DB66E-6E4F-4BA3-BCB9-9415B8262388}"
EndProject
Global
	GlobalSection(SolutionConfigurationPlatforms) = preSolution
		Debug|Any CPU = Debug|Any CPU
		Release|Any CPU = Release|Any CPU
	EndGlobalSection
	GlobalSection(ProjectConfigurationPlatforms) = postSolution
		{D600D438-08D8-470C-96C4-CEE2358221C7}.Debug|Any CPU.ActiveCfg = Debug|Any CPU
		{D600D438-08D8-470C-96C4-CEE2358221C7}.Debug|Any CPU.Build.0 = Debug|Any CPU
		{D600D438-08D8-470C-96C4-CEE2358221C7}.Release|Any CPU.ActiveCfg = Release|Any CPU
		{D600D438-08D8-470C-96C4-CEE2358221C7}.Release|Any CPU.Build.0 = Release|Any CPU
		{106DB66E-6E4F-4BA3-BCB9-9415B8262388}.Debug|Any CPU.ActiveCfg = Debug|Any CPU
		{106DB66E-6E4F-4BA3-BCB9-9415B8262388}.Debug|Any CPU.Build.0 = Debug|Any CPU
		{106DB66E-6E4F-4BA3-BCB9-9415B8262388}.Release|Any CPU.ActiveCfg = Release|Any CPU
		{106DB66E-6E4F-4BA3-BCB9-9415B8262388}.Release|Any CPU.Build.0 = Release|Any CPU
	EndGlobalSection
	GlobalSection(SolutionProperties) = preSolution
		HideSolutionNode = FALSE
	EndGlobalSection
	GlobalSection(ExtensibilityGlobals) = postSolution
		SolutionGuid = {8E6FA6B5-5F4D-4479-B169-6EDA1FDAE6CF}
	EndGlobalSection
EndGlobal
